
Microsoft Visual Studio Solution File, Format Version 12.00
# Visual Studio Version 16
VisualStudioVersion = 16.0.29911.84
MinimumVisualStudioVersion = 10.0.40219.1
Project("{FAE04EC0-301F-11D3-BF4B-00C04F79EFBC}") = "miemss_xamarin.Android", "miemss_xamarin\miemss_xamarin.Android\miemss_xamarin.Android.csproj", "{3B9331DB-421D-4451-8908-774B80F04E2D}"
EndProject
Project("{FAE04EC0-301F-11D3-BF4B-00C04F79EFBC}") = "miemss_xamarin.iOS", "miemss_xamarin\miemss_xamarin.iOS\miemss_xamarin.iOS.csproj", "{3792BDBC-C605-4EEC-A76F-E729ED0A846D}"
EndProject
Project("{FAE04EC0-301F-11D3-BF4B-00C04F79EFBC}") = "miemss_xamarin", "miemss_xamarin\miemss_xamarin\miemss_xamarin.csproj", "{154C0B4F-4C4E-471E-9C9A-33382656F42A}"
EndProject
Global
	GlobalSection(SolutionConfigurationPlatforms) = preSolution
		Debug|Any CPU = Debug|Any CPU
		Debug|iPhone = Debug|iPhone
		Debug|iPhoneSimulator = Debug|iPhoneSimulator
		Release|Any CPU = Release|Any CPU
		Release|iPhone = Release|iPhone
		Release|iPhoneSimulator = Release|iPhoneSimulator
	EndGlobalSection
	GlobalSection(ProjectConfigurationPlatforms) = postSolution
		{3B9331DB-421D-4451-8908-774B80F04E2D}.Debug|Any CPU.ActiveCfg = Debug|Any CPU
		{3B9331DB-421D-4451-8908-774B80F04E2D}.Debug|Any CPU.Build.0 = Debug|Any CPU
		{3B9331DB-421D-4451-8908-774B80F04E2D}.Debug|Any CPU.Deploy.0 = Debug|Any CPU
		{3B9331DB-421D-4451-8908-774B80F04E2D}.Debug|iPhone.ActiveCfg = Debug|Any CPU
		{3B9331DB-421D-4451-8908-774B80F04E2D}.Debug|iPhone.Build.0 = Debug|Any CPU
		{3B9331DB-421D-4451-8908-774B80F04E2D}.Debug|iPhone.Deploy.0 = Debug|Any CPU
		{3B9331DB-421D-4451-8908-774B80F04E2D}.Debug|iPhoneSimulator.ActiveCfg = Debug|Any CPU
		{3B9331DB-421D-4451-8908-774B80F04E2D}.Debug|iPhoneSimulator.Build.0 = Debug|Any CPU
		{3B9331DB-421D-4451-8908-774B80F04E2D}.Debug|iPhoneSimulator.Deploy.0 = Debug|Any CPU
		{3B9331DB-421D-4451-8908-774B80F04E2D}.Release|Any CPU.ActiveCfg = Release|Any CPU
		{3B9331DB-421D-4451-8908-774B80F04E2D}.Release|Any CPU.Build.0 = Release|Any CPU
		{3B9331DB-421D-4451-8908-774B80F04E2D}.Release|Any CPU.Deploy.0 = Release|Any CPU
		{3B9331DB-421D-4451-8908-774B80F04E2D}.Release|iPhone.ActiveCfg = Release|Any CPU
		{3B9331DB-421D-4451-8908-774B80F04E2D}.Release|iPhone.Build.0 = Release|Any CPU
		{3B9331DB-421D-4451-8908-774B80F04E2D}.Release|iPhone.Deploy.0 = Release|Any CPU
		{3B9331DB-421D-4451-8908-774B80F04E2D}.Release|iPhoneSimulator.ActiveCfg = Release|Any CPU
		{3B9331DB-421D-4451-8908-774B80F04E2D}.Release|iPhoneSimulator.Build.0 = Release|Any CPU
		{3B9331DB-421D-4451-8908-774B80F04E2D}.Release|iPhoneSimulator.Deploy.0 = Release|Any CPU
		{3792BDBC-C605-4EEC-A76F-E729ED0A846D}.Debug|Any CPU.ActiveCfg = Debug|iPhone
		{3792BDBC-C605-4EEC-A76F-E729ED0A846D}.Debug|Any CPU.Build.0 = Debug|iPhone
		{3792BDBC-C605-4EEC-A76F-E729ED0A846D}.Debug|Any CPU.Deploy.0 = Debug|iPhone
		{3792BDBC-C605-4EEC-A76F-E729ED0A846D}.Debug|iPhone.ActiveCfg = Debug|iPhone
		{3792BDBC-C605-4EEC-A76F-E729ED0A846D}.Debug|iPhone.Build.0 = Debug|iPhone
		{3792BDBC-C605-4EEC-A76F-E729ED0A846D}.Debug|iPhone.Deploy.0 = Debug|iPhone
		{3792BDBC-C605-4EEC-A76F-E729ED0A846D}.Debug|iPhoneSimulator.ActiveCfg = Debug|iPhoneSimulator
		{3792BDBC-C605-4EEC-A76F-E729ED0A846D}.Debug|iPhoneSimulator.Build.0 = Debug|iPhoneSimulator
		{3792BDBC-C605-4EEC-A76F-E729ED0A846D}.Debug|iPhoneSimulator.Deploy.0 = Debug|iPhoneSimulator
		{3792BDBC-C605-4EEC-A76F-E729ED0A846D}.Release|Any CPU.ActiveCfg = Release|iPhone
		{3792BDBC-C605-4EEC-A76F-E729ED0A846D}.Release|Any CPU.Build.0 = Release|iPhone
		{3792BDBC-C605-4EEC-A76F-E729ED0A846D}.Release|Any CPU.Deploy.0 = Release|iPhone
		{3792BDBC-C605-4EEC-A76F-E729ED0A846D}.Release|iPhone.ActiveCfg = Release|iPhone
		{3792BDBC-C605-4EEC-A76F-E729ED0A846D}.Release|iPhone.Build.0 = Release|iPhone
		{3792BDBC-C605-4EEC-A76F-E729ED0A846D}.Release|iPhone.Deploy.0 = Release|iPhone
		{3792BDBC-C605-4EEC-A76F-E729ED0A846D}.Release|iPhoneSimulator.ActiveCfg = Release|iPhoneSimulator
		{3792BDBC-C605-4EEC-A76F-E729ED0A846D}.Release|iPhoneSimulator.Build.0 = Release|iPhoneSimulator
		{3792BDBC-C605-4EEC-A76F-E729ED0A846D}.Release|iPhoneSimulator.Deploy.0 = Release|iPhoneSimulator
		{154C0B4F-4C4E-471E-9C9A-33382656F42A}.Debug|Any CPU.ActiveCfg = Debug|Any CPU
		{154C0B4F-4C4E-471E-9C9A-33382656F42A}.Debug|Any CPU.Build.0 = Debug|Any CPU
		{154C0B4F-4C4E-471E-9C9A-33382656F42A}.Debug|Any CPU.Deploy.0 = Debug|Any CPU
		{154C0B4F-4C4E-471E-9C9A-33382656F42A}.Debug|iPhone.ActiveCfg = Debug|Any CPU
		{154C0B4F-4C4E-471E-9C9A-33382656F42A}.Debug|iPhone.Build.0 = Debug|Any CPU
		{154C0B4F-4C4E-471E-9C9A-33382656F42A}.Debug|iPhone.Deploy.0 = Debug|Any CPU
		{154C0B4F-4C4E-471E-9C9A-33382656F42A}.Debug|iPhoneSimulator.ActiveCfg = Debug|Any CPU
		{154C0B4F-4C4E-471E-9C9A-33382656F42A}.Debug|iPhoneSimulator.Build.0 = Debug|Any CPU
		{154C0B4F-4C4E-471E-9C9A-33382656F42A}.Debug|iPhoneSimulator.Deploy.0 = Debug|Any CPU
		{154C0B4F-4C4E-471E-9C9A-33382656F42A}.Release|Any CPU.ActiveCfg = Release|Any CPU
		{154C0B4F-4C4E-471E-9C9A-33382656F42A}.Release|Any CPU.Build.0 = Release|Any CPU
		{154C0B4F-4C4E-471E-9C9A-33382656F42A}.Release|Any CPU.Deploy.0 = Release|Any CPU
		{154C0B4F-4C4E-471E-9C9A-33382656F42A}.Release|iPhone.ActiveCfg = Release|Any CPU
		{154C0B4F-4C4E-471E-9C9A-33382656F42A}.Release|iPhone.Build.0 = Release|Any CPU
		{154C0B4F-4C4E-471E-9C9A-33382656F42A}.Release|iPhone.Deploy.0 = Release|Any CPU
		{154C0B4F-4C4E-471E-9C9A-33382656F42A}.Release|iPhoneSimulator.ActiveCfg = Release|Any CPU
		{154C0B4F-4C4E-471E-9C9A-33382656F42A}.Release|iPhoneSimulator.Build.0 = Release|Any CPU
		{154C0B4F-4C4E-471E-9C9A-33382656F42A}.Release|iPhoneSimulator.Deploy.0 = Release|Any CPU
	EndGlobalSection
	GlobalSection(SolutionProperties) = preSolution
		HideSolutionNode = FALSE
	EndGlobalSection
	GlobalSection(ExtensibilityGlobals) = postSolution
		SolutionGuid = {0BAA8E3A-3E1D-4EF1-9BB1-E342D0CC76BC}
	EndGlobalSection
EndGlobal
